# This file is automatically @generated by Cargo.
# It is not intended for manual editing.
version = 4

[[package]]
name = "ralph-executor"
version = "0.1.0"
dependencies = [
 "ralph-parser",
 "ralph-planner",
 "ralph-storage",
]

[[package]]
name = "ralph-parser"
version = "0.1.0"

[[package]]
name = "ralph-planner"
version = "0.1.0"
dependencies = [
 "ralph-parser",
]

[[package]]
name = "ralph-sqlite"
version = "0.1.0"
dependencies = [
 "ralph-executor",
 "ralph-parser",
 "ralph-planner",
 "ralph-storage",
]

[[package]]
name = "ralph-storage"
version = "0.1.0"
